
Microsoft Visual Studio Solution File, Format Version 12.00
# Visual Studio 15
VisualStudioVersion = 15.0.26124.0
MinimumVisualStudioVersion = 15.0.26124.0
Project("{2150E333-8FDC-42A3-9474-1A3956D46DE8}") = "src", "src", "{5729E2B2-ECEE-4BAC-B733-44AB7169B2E9}"
EndProject
Project("{FAE04EC0-301F-11D3-BF4B-00C04F79EFBC}") = "Pokedex", "src\Pokedex\Pokedex.csproj", "{25B8087C-0DE2-4130-BA35-0F1F8BB63E08}"
EndProject
Project("{FAE04EC0-301F-11D3-BF4B-00C04F79EFBC}") = "Pokedex.Tests.Unit", "src\Pokedex.Tests.Unit\Pokedex.Tests.Unit.csproj", "{60E65CA5-2AAD-4F67-8263-D30388B39271}"
EndProject
Project("{FAE04EC0-301F-11D3-BF4B-00C04F79EFBC}") = "Pokedex.Tests.Integration", "src\Pokedex.Tests.Integration\Pokedex.Tests.Integration.csproj", "{0791F582-8B81-4945-B8B4-81811749E3AF}"
EndProject
Global
	GlobalSection(SolutionConfigurationPlatforms) = preSolution
		Debug|Any CPU = Debug|Any CPU
		Debug|x64 = Debug|x64
		Debug|x86 = Debug|x86
		Release|Any CPU = Release|Any CPU
		Release|x64 = Release|x64
		Release|x86 = Release|x86
	EndGlobalSection
	GlobalSection(SolutionProperties) = preSolution
		HideSolutionNode = FALSE
	EndGlobalSection
	GlobalSection(ProjectConfigurationPlatforms) = postSolution
		{25B8087C-0DE2-4130-BA35-0F1F8BB63E08}.Debug|Any CPU.ActiveCfg = Debug|Any CPU
		{25B8087C-0DE2-4130-BA35-0F1F8BB63E08}.Debug|Any CPU.Build.0 = Debug|Any CPU
		{25B8087C-0DE2-4130-BA35-0F1F8BB63E08}.Debug|x64.ActiveCfg = Debug|Any CPU
		{25B8087C-0DE2-4130-BA35-0F1F8BB63E08}.Debug|x64.Build.0 = Debug|Any CPU
		{25B8087C-0DE2-4130-BA35-0F1F8BB63E08}.Debug|x86.ActiveCfg = Debug|Any CPU
		{25B8087C-0DE2-4130-BA35-0F1F8BB63E08}.Debug|x86.Build.0 = Debug|Any CPU
		{25B8087C-0DE2-4130-BA35-0F1F8BB63E08}.Release|Any CPU.ActiveCfg = Release|Any CPU
		{25B8087C-0DE2-4130-BA35-0F1F8BB63E08}.Release|Any CPU.Build.0 = Release|Any CPU
		{25B8087C-0DE2-4130-BA35-0F1F8BB63E08}.Release|x64.ActiveCfg = Release|Any CPU
		{25B8087C-0DE2-4130-BA35-0F1F8BB63E08}.Release|x64.Build.0 = Release|Any CPU
		{25B8087C-0DE2-4130-BA35-0F1F8BB63E08}.Release|x86.ActiveCfg = Release|Any CPU
		{25B8087C-0DE2-4130-BA35-0F1F8BB63E08}.Release|x86.Build.0 = Release|Any CPU
		{60E65CA5-2AAD-4F67-8263-D30388B39271}.Debug|Any CPU.ActiveCfg = Debug|Any CPU
		{60E65CA5-2AAD-4F67-8263-D30388B39271}.Debug|Any CPU.Build.0 = Debug|Any CPU
		{60E65CA5-2AAD-4F67-8263-D30388B39271}.Debug|x64.ActiveCfg = Debug|Any CPU
		{60E65CA5-2AAD-4F67-8263-D30388B39271}.Debug|x64.Build.0 = Debug|Any CPU
		{60E65CA5-2AAD-4F67-8263-D30388B39271}.Debug|x86.ActiveCfg = Debug|Any CPU
		{60E65CA5-2AAD-4F67-8263-D30388B39271}.Debug|x86.Build.0 = Debug|Any CPU
		{60E65CA5-2AAD-4F67-8263-D30388B39271}.Release|Any CPU.ActiveCfg = Release|Any CPU
		{60E65CA5-2AAD-4F67-8263-D30388B39271}.Release|Any CPU.Build.0 = Release|Any CPU
		{60E65CA5-2AAD-4F67-8263-D30388B39271}.Release|x64.ActiveCfg = Release|Any CPU
		{60E65CA5-2AAD-4F67-8263-D30388B39271}.Release|x64.Build.0 = Release|Any CPU
		{60E65CA5-2AAD-4F67-8263-D30388B39271}.Release|x86.ActiveCfg = Release|Any CPU
		{60E65CA5-2AAD-4F67-8263-D30388B39271}.Release|x86.Build.0 = Release|Any CPU
		{0791F582-8B81-4945-B8B4-81811749E3AF}.Debug|Any CPU.ActiveCfg = Debug|Any CPU
		{0791F582-8B81-4945-B8B4-81811749E3AF}.Debug|Any CPU.Build.0 = Debug|Any CPU
		{0791F582-8B81-4945-B8B4-81811749E3AF}.Debug|x64.ActiveCfg = Debug|Any CPU
		{0791F582-8B81-4945-B8B4-81811749E3AF}.Debug|x64.Build.0 = Debug|Any CPU
		{0791F582-8B81-4945-B8B4-81811749E3AF}.Debug|x86.ActiveCfg = Debug|Any CPU
		{0791F582-8B81-4945-B8B4-81811749E3AF}.Debug|x86.Build.0 = Debug|Any CPU
		{0791F582-8B81-4945-B8B4-81811749E3AF}.Release|Any CPU.ActiveCfg = Release|Any CPU
		{0791F582-8B81-4945-B8B4-81811749E3AF}.Release|Any CPU.Build.0 = Release|Any CPU
		{0791F582-8B81-4945-B8B4-81811749E3AF}.Release|x64.ActiveCfg = Release|Any CPU
		{0791F582-8B81-4945-B8B4-81811749E3AF}.Release|x64.Build.0 = Release|Any CPU
		{0791F582-8B81-4945-B8B4-81811749E3AF}.Release|x86.ActiveCfg = Release|Any CPU
		{0791F582-8B81-4945-B8B4-81811749E3AF}.Release|x86.Build.0 = Release|Any CPU
	EndGlobalSection
	GlobalSection(NestedProjects) = preSolution
		{25B8087C-0DE2-4130-BA35-0F1F8BB63E08} = {5729E2B2-ECEE-4BAC-B733-44AB7169B2E9}
		{60E65CA5-2AAD-4F67-8263-D30388B39271} = {5729E2B2-ECEE-4BAC-B733-44AB7169B2E9}
		{0791F582-8B81-4945-B8B4-81811749E3AF} = {5729E2B2-ECEE-4BAC-B733-44AB7169B2E9}
	EndGlobalSection
EndGlobal
